
Microsoft Visual Studio Solution File, Format Version 12.00
# Visual Studio 15
VisualStudioVersion = 15.0.26124.0
MinimumVisualStudioVersion = 15.0.26124.0
Project("{FAE04EC0-301F-11D3-BF4B-00C04F79EFBC}") = "API", "API\API.csproj", "{760BADDF-5D9F-408A-ABC5-5D214DD00385}"
EndProject
Project("{FAE04EC0-301F-11D3-BF4B-00C04F79EFBC}") = "Core", "Core\Core.csproj", "{5611A025-4CB7-494C-AD58-A89C1E9BAA78}"
EndProject
Project("{FAE04EC0-301F-11D3-BF4B-00C04F79EFBC}") = "Infrastructure", "Infrastructure\Infrastructure.csproj", "{BD5EDEBC-2627-40A0-9F1C-7516202EEDE5}"
EndProject
Global
	GlobalSection(SolutionConfigurationPlatforms) = preSolution
		Debug|Any CPU = Debug|Any CPU
		Debug|x64 = Debug|x64
		Debug|x86 = Debug|x86
		Release|Any CPU = Release|Any CPU
		Release|x64 = Release|x64
		Release|x86 = Release|x86
	EndGlobalSection
	GlobalSection(SolutionProperties) = preSolution
		HideSolutionNode = FALSE
	EndGlobalSection
	GlobalSection(ProjectConfigurationPlatforms) = postSolution
		{760BADDF-5D9F-408A-ABC5-5D214DD00385}.Debug|Any CPU.ActiveCfg = Debug|Any CPU
		{760BADDF-5D9F-408A-ABC5-5D214DD00385}.Debug|Any CPU.Build.0 = Debug|Any CPU
		{760BADDF-5D9F-408A-ABC5-5D214DD00385}.Debug|x64.ActiveCfg = Debug|Any CPU
		{760BADDF-5D9F-408A-ABC5-5D214DD00385}.Debug|x64.Build.0 = Debug|Any CPU
		{760BADDF-5D9F-408A-ABC5-5D214DD00385}.Debug|x86.ActiveCfg = Debug|Any CPU
		{760BADDF-5D9F-408A-ABC5-5D214DD00385}.Debug|x86.Build.0 = Debug|Any CPU
		{760BADDF-5D9F-408A-ABC5-5D214DD00385}.Release|Any CPU.ActiveCfg = Release|Any CPU
		{760BADDF-5D9F-408A-ABC5-5D214DD00385}.Release|Any CPU.Build.0 = Release|Any CPU
		{760BADDF-5D9F-408A-ABC5-5D214DD00385}.Release|x64.ActiveCfg = Release|Any CPU
		{760BADDF-5D9F-408A-ABC5-5D214DD00385}.Release|x64.Build.0 = Release|Any CPU
		{760BADDF-5D9F-408A-ABC5-5D214DD00385}.Release|x86.ActiveCfg = Release|Any CPU
		{760BADDF-5D9F-408A-ABC5-5D214DD00385}.Release|x86.Build.0 = Release|Any CPU
		{5611A025-4CB7-494C-AD58-A89C1E9BAA78}.Debug|Any CPU.ActiveCfg = Debug|Any CPU
		{5611A025-4CB7-494C-AD58-A89C1E9BAA78}.Debug|Any CPU.Build.0 = Debug|Any CPU
		{5611A025-4CB7-494C-AD58-A89C1E9BAA78}.Debug|x64.ActiveCfg = Debug|Any CPU
		{5611A025-4CB7-494C-AD58-A89C1E9BAA78}.Debug|x64.Build.0 = Debug|Any CPU
		{5611A025-4CB7-494C-AD58-A89C1E9BAA78}.Debug|x86.ActiveCfg = Debug|Any CPU
		{5611A025-4CB7-494C-AD58-A89C1E9BAA78}.Debug|x86.Build.0 = Debug|Any CPU
		{5611A025-4CB7-494C-AD58-A89C1E9BAA78}.Release|Any CPU.ActiveCfg = Release|Any CPU
		{5611A025-4CB7-494C-AD58-A89C1E9BAA78}.Release|Any CPU.Build.0 = Release|Any CPU
		{5611A025-4CB7-494C-AD58-A89C1E9BAA78}.Release|x64.ActiveCfg = Release|Any CPU
		{5611A025-4CB7-494C-AD58-A89C1E9BAA78}.Release|x64.Build.0 = Release|Any CPU
		{5611A025-4CB7-494C-AD58-A89C1E9BAA78}.Release|x86.ActiveCfg = Release|Any CPU
		{5611A025-4CB7-494C-AD58-A89C1E9BAA78}.Release|x86.Build.0 = Release|Any CPU
		{BD5EDEBC-2627-40A0-9F1C-7516202EEDE5}.Debug|Any CPU.ActiveCfg = Debug|Any CPU
		{BD5EDEBC-2627-40A0-9F1C-7516202EEDE5}.Debug|Any CPU.Build.0 = Debug|Any CPU
		{BD5EDEBC-2627-40A0-9F1C-7516202EEDE5}.Debug|x64.ActiveCfg = Debug|Any CPU
		{BD5EDEBC-2627-40A0-9F1C-7516202EEDE5}.Debug|x64.Build.0 = Debug|Any CPU
		{BD5EDEBC-2627-40A0-9F1C-7516202EEDE5}.Debug|x86.ActiveCfg = Debug|Any CPU
		{BD5EDEBC-2627-40A0-9F1C-7516202EEDE5}.Debug|x86.Build.0 = Debug|Any CPU
		{BD5EDEBC-2627-40A0-9F1C-7516202EEDE5}.Release|Any CPU.ActiveCfg = Release|Any CPU
		{BD5EDEBC-2627-40A0-9F1C-7516202EEDE5}.Release|Any CPU.Build.0 = Release|Any CPU
		{BD5EDEBC-2627-40A0-9F1C-7516202EEDE5}.Release|x64.ActiveCfg = Release|Any CPU
		{BD5EDEBC-2627-40A0-9F1C-7516202EEDE5}.Release|x64.Build.0 = Release|Any CPU
		{BD5EDEBC-2627-40A0-9F1C-7516202EEDE5}.Release|x86.ActiveCfg = Release|Any CPU
		{BD5EDEBC-2627-40A0-9F1C-7516202EEDE5}.Release|x86.Build.0 = Release|Any CPU
	EndGlobalSection
EndGlobal
